
Microsoft Visual Studio Solution File, Format Version 12.00
# Visual Studio Version 17
VisualStudioVersion = 17.13.35919.96
MinimumVisualStudioVersion = 10.0.40219.1
Project("{FAE04EC0-301F-11D3-BF4B-00C04F79EFBC}") = "SIRECAS", "SIRECAS\SIRECAS.csproj", "{8ED9A310-0A24-4DE7-86AC-90CD914C7979}"
EndProject
Global
	GlobalSection(SolutionConfigurationPlatforms) = preSolution
		Debug|Any CPU = Debug|Any CPU
		Release|Any CPU = Release|Any CPU
	EndGlobalSection
	GlobalSection(ProjectConfigurationPlatforms) = postSolution
		{8ED9A310-0A24-4DE7-86AC-90CD914C7979}.Debug|Any CPU.ActiveCfg = Debug|Any CPU
		{8ED9A310-0A24-4DE7-86AC-90CD914C7979}.Debug|Any CPU.Build.0 = Debug|Any CPU
		{8ED9A310-0A24-4DE7-86AC-90CD914C7979}.Release|Any CPU.ActiveCfg = Release|Any CPU
		{8ED9A310-0A24-4DE7-86AC-90CD914C7979}.Release|Any CPU.Build.0 = Release|Any CPU
	EndGlobalSection
	GlobalSection(SolutionProperties) = preSolution
		HideSolutionNode = FALSE
	EndGlobalSection
	GlobalSection(ExtensibilityGlobals) = postSolution
		SolutionGuid = {79BFAE05-A8F6-464F-8427-DE17561A37C0}
	EndGlobalSection
EndGlobal
